
Microsoft Visual Studio Solution File, Format Version 12.00
# Visual Studio Version 16
VisualStudioVersion = 16.0.31005.135
MinimumVisualStudioVersion = 10.0.40219.1
Project("{FAE04EC0-301F-11D3-BF4B-00C04F79EFBC}") = "WebApiVersioning", "WebApiVersioning.csproj", "{3B0D11C1-FBBB-4D6C-88CB-FBFF6F2AB4E9}"
EndProject
Global
	GlobalSection(SolutionConfigurationPlatforms) = preSolution
		Debug|Any CPU = Debug|Any CPU
		Release|Any CPU = Release|Any CPU
	EndGlobalSection
	GlobalSection(ProjectConfigurationPlatforms) = postSolution
		{3B0D11C1-FBBB-4D6C-88CB-FBFF6F2AB4E9}.Debug|Any CPU.ActiveCfg = Debug|Any CPU
		{3B0D11C1-FBBB-4D6C-88CB-FBFF6F2AB4E9}.Debug|Any CPU.Build.0 = Debug|Any CPU
		{3B0D11C1-FBBB-4D6C-88CB-FBFF6F2AB4E9}.Release|Any CPU.ActiveCfg = Release|Any CPU
		{3B0D11C1-FBBB-4D6C-88CB-FBFF6F2AB4E9}.Release|Any CPU.Build.0 = Release|Any CPU
	EndGlobalSection
	GlobalSection(SolutionProperties) = preSolution
		HideSolutionNode = FALSE
	EndGlobalSection
	GlobalSection(ExtensibilityGlobals) = postSolution
		SolutionGuid = {978BC96E-C4AC-45BC-AF52-E078CFD9A7E3}
	EndGlobalSection
EndGlobal
